
Microsoft Visual Studio Solution File, Format Version 12.00
# Visual Studio Version 17
VisualStudioVersion = 17.4.33213.308
MinimumVisualStudioVersion = 10.0.40219.1
Project("{FAE04EC0-301F-11D3-BF4B-00C04F79EFBC}") = "ChainOfResponsibility", "ChainOfResponsibility\ChainOfResponsibility.csproj", "{2C5D7222-79D4-44D8-9E3D-80452AFC64CC}"
EndProject
Global
	GlobalSection(SolutionConfigurationPlatforms) = preSolution
		Debug|Any CPU = Debug|Any CPU
		Release|Any CPU = Release|Any CPU
	EndGlobalSection
	GlobalSection(ProjectConfigurationPlatforms) = postSolution
		{2C5D7222-79D4-44D8-9E3D-80452AFC64CC}.Debug|Any CPU.ActiveCfg = Debug|Any CPU
		{2C5D7222-79D4-44D8-9E3D-80452AFC64CC}.Debug|Any CPU.Build.0 = Debug|Any CPU
		{2C5D7222-79D4-44D8-9E3D-80452AFC64CC}.Release|Any CPU.ActiveCfg = Release|Any CPU
		{2C5D7222-79D4-44D8-9E3D-80452AFC64CC}.Release|Any CPU.Build.0 = Release|Any CPU
	EndGlobalSection
	GlobalSection(SolutionProperties) = preSolution
		HideSolutionNode = FALSE
	EndGlobalSection
	GlobalSection(ExtensibilityGlobals) = postSolution
		SolutionGuid = {7C5EFAE0-CD62-489A-B871-57FE6D7CA3E1}
	EndGlobalSection
EndGlobal
